// !$*UTF8*$!
{
	archiveVersion = 1;
	classes = {
	};
	objectVersion = 46;
	objects = {

/* Begin PBXBuildFile section */
		1C5C923A1EAF4522006C7135 /* AppDelegate.swift in Sources */ = {isa = PBXBuildFile; fileRef = 1C5C92391EAF4522006C7135 /* AppDelegate.swift */; };
		1C5C923C1EAF4522006C7135 /* ViewController.swift in Sources */ = {isa = PBXBuildFile; fileRef = 1C5C923B1EAF4522006C7135 /* ViewController.swift */; };
		1C5C923F1EAF4522006C7135 /* Main.storyboard in Resources */ = {isa = PBXBuildFile; fileRef = 1C5C923D1EAF4522006C7135 /* Main.storyboard */; };
		1C5C92411EAF4522006C7135 /* Assets.xcassets in Resources */ = {isa = PBXBuildFile; fileRef = 1C5C92401EAF4522006C7135 /* Assets.xcassets */; };
		1C5C92441EAF4522006C7135 /* LaunchScreen.storyboard in Resources */ = {isa = PBXBuildFile; fileRef = 1C5C92421EAF4522006C7135 /* LaunchScreen.storyboard */; };
		1C84B9FA1EB0947100DE22A3 /* KeyboardLayoutConstraint.swift in Sources */ = {isa = PBXBuildFile; fileRef = 1C84B9F91EB0947100DE22A3 /* KeyboardLayoutConstraint.swift */; };
		1C84BA1E1EB0C8DD00DE22A3 /* MessageTableViewCell.swift in Sources */ = {isa = PBXBuildFile; fileRef = 1C84BA1D1EB0C8DD00DE22A3 /* MessageTableViewCell.swift */; };
		25941FD9CCD48E4FABF32D5B /* Pods_chatDKRR.framework in Frameworks */ = {isa = PBXBuildFile; fileRef = 69A39E4C815DA4E1B772B903 /* Pods_chatDKRR.framework */; };
/* End PBXBuildFile section */

/* Begin PBXFileReference section */
		1C5C92361EAF4522006C7135 /* chatDKRR.app */ = {isa = PBXFileReference; explicitFileType = wrapper.application; includeInIndex = 0; path = chatDKRR.app; sourceTree = BUILT_PRODUCTS_DIR; };
		1C5C92391EAF4522006C7135 /* AppDelegate.swift */ = {isa = PBXFileReference; lastKnownFileType = sourcecode.swift; path = AppDelegate.swift; sourceTree = "<group>"; };
		1C5C923B1EAF4522006C7135 /* ViewController.swift */ = {isa = PBXFileReference; lastKnownFileType = sourcecode.swift; path = ViewController.swift; sourceTree = "<group>"; };
		1C5C923E1EAF4522006C7135 /* Base */ = {isa = PBXFileReference; lastKnownFileType = file.storyboard; name = Base; path = Base.lproj/Main.storyboard; sourceTree = "<group>"; };
		1C5C92401EAF4522006C7135 /* Assets.xcassets */ = {isa = PBXFileReference; lastKnownFileType = folder.assetcatalog; path = Assets.xcassets; sourceTree = "<group>"; };
		1C5C92431EAF4522006C7135 /* Base */ = {isa = PBXFileReference; lastKnownFileType = file.storyboard; name = Base; path = Base.lproj/LaunchScreen.storyboard; sourceTree = "<group>"; };
		1C5C92451EAF4522006C7135 /* Info.plist */ = {isa = PBXFileReference; lastKnownFileType = text.plist.xml; path = Info.plist; sourceTree = "<group>"; };
		1C84B9F91EB0947100DE22A3 /* KeyboardLayoutConstraint.swift */ = {isa = PBXFileReference; fileEncoding = 4; lastKnownFileType = sourcecode.swift; path = KeyboardLayoutConstraint.swift; sourceTree = "<group>"; };
		1C84BA1D1EB0C8DD00DE22A3 /* MessageTableViewCell.swift */ = {isa = PBXFileReference; fileEncoding = 4; lastKnownFileType = sourcecode.swift; path = MessageTableViewCell.swift; sourceTree = "<group>"; };
		39FA619A421409D09735D436 /* Pods-chatDKRR.debug.xcconfig */ = {isa = PBXFileReference; includeInIndex = 1; lastKnownFileType = text.xcconfig; name = "Pods-chatDKRR.debug.xcconfig"; path = "Pods/Target Support Files/Pods-chatDKRR/Pods-chatDKRR.debug.xcconfig"; sourceTree = "<group>"; };
		69A39E4C815DA4E1B772B903 /* Pods_chatDKRR.framework */ = {isa = PBXFileReference; explicitFileType = wrapper.framework; includeInIndex = 0; path = Pods_chatDKRR.framework; sourceTree = BUILT_PRODUCTS_DIR; };
		CBACF848052AA1CA7B19B697 /* Pods-chatDKRR.release.xcconfig */ = {isa = PBXFileReference; includeInIndex = 1; lastKnownFileType = text.xcconfig; name = "Pods-chatDKRR.release.xcconfig"; path = "Pods/Target Support Files/Pods-chatDKRR/Pods-chatDKRR.release.xcconfig"; sourceTree = "<group>"; };
/* End PBXFileReference section */

/* Begin PBXFrameworksBuildPhase section */
		1C5C92331EAF4522006C7135 /* Frameworks */ = {
			isa = PBXFrameworksBuildPhase;
			buildActionMask = 2147483647;
			files = (
				25941FD9CCD48E4FABF32D5B /* Pods_chatDKRR.framework in Frameworks */,
			);
			runOnlyForDeploymentPostprocessing = 0;
		};
/* End PBXFrameworksBuildPhase section */

/* Begin PBXGroup section */
		1C5C922D1EAF4522006C7135 = {
			isa = PBXGroup;
			children = (
				1C5C92381EAF4522006C7135 /* chatDKRR */,
				1C5C92371EAF4522006C7135 /* Products */,
				72FF1C8DC88151226E83BDED /* Pods */,
				A0706793E23A73ED4352ECA3 /* Frameworks */,
			);
			sourceTree = "<group>";
		};
		1C5C92371EAF4522006C7135 /* Products */ = {
			isa = PBXGroup;
			children = (
				1C5C92361EAF4522006C7135 /* chatDKRR.app */,
			);
			name = Products;
			sourceTree = "<group>";
		};
		1C5C92381EAF4522006C7135 /* chatDKRR */ = {
			isa = PBXGroup;
			children = (
				1C5C92391EAF4522006C7135 /* AppDelegate.swift */,
				1C5C923B1EAF4522006C7135 /* ViewController.swift */,
				1C84B9F91EB0947100DE22A3 /* KeyboardLayoutConstraint.swift */,
				1C84BA1D1EB0C8DD00DE22A3 /* MessageTableViewCell.swift */,
				1C5C923D1EAF4522006C7135 /* Main.storyboard */,
				1C5C92401EAF4522006C7135 /* Assets.xcassets */,
				1C5C92421EAF4522006C7135 /* LaunchScreen.storyboard */,
				1C5C92451EAF4522006C7135 /* Info.plist */,
			);
			path = chatDKRR;
			sourceTree = "<group>";
		};
		72FF1C8DC88151226E83BDED /* Pods */ = {
			isa = PBXGroup;
			children = (
				39FA619A421409D09735D436 /* Pods-chatDKRR.debug.xcconfig */,
				CBACF848052AA1CA7B19B697 /* Pods-chatDKRR.release.xcconfig */,
			);
			name = Pods;
			sourceTree = "<group>";
		};
		A0706793E23A73ED4352ECA3 /* Frameworks */ = {
			isa = PBXGroup;
			children = (
				69A39E4C815DA4E1B772B903 /* Pods_chatDKRR.framework */,
			);
			name = Frameworks;
			sourceTree = "<group>";
		};
/* End PBXGroup section */

/* Begin PBXNativeTarget section */
		1C5C92351EAF4522006C7135 /* chatDKRR */ = {
			isa = PBXNativeTarget;
			buildConfigurationList = 1C5C92481EAF4522006C7135 /* Build configuration list for PBXNativeTarget "chatDKRR" */;
			buildPhases = (
				0414E3F07F53530527873FA4 /* [CP] Check Pods Manifest.lock */,
				1C5C92321EAF4522006C7135 /* Sources */,
				1C5C92331EAF4522006C7135 /* Frameworks */,
				1C5C92341EAF4522006C7135 /* Resources */,
				F451C0E125BDF6B16AA1B4C7 /* [CP] Embed Pods Frameworks */,
				DEF2A7C70EBE210C42D96C04 /* [CP] Copy Pods Resources */,
			);
			buildRules = (
			);
			dependencies = (
			);
			name = chatDKRR;
			productName = chatDKRR;
			productReference = 1C5C92361EAF4522006C7135 /* chatDKRR.app */;
			productType = "com.apple.product-type.application";
		};
/* End PBXNativeTarget section */

/* Begin PBXProject section */
		1C5C922E1EAF4522006C7135 /* Project object */ = {
			isa = PBXProject;
			attributes = {
				LastSwiftUpdateCheck = 0830;
				LastUpgradeCheck = 0830;
				ORGANIZATIONNAME = "David Chin";
				TargetAttributes = {
					1C5C92351EAF4522006C7135 = {
						CreatedOnToolsVersion = 8.3.2;
						DevelopmentTeam = RMA2F2SR2P;
						ProvisioningStyle = Automatic;
					};
				};
			};
			buildConfigurationList = 1C5C92311EAF4522006C7135 /* Build configuration list for PBXProject "chatDKRR" */;
			compatibilityVersion = "Xcode 3.2";
			developmentRegion = English;
			hasScannedForEncodings = 0;
			knownRegions = (
				en,
				Base,
			);
			mainGroup = 1C5C922D1EAF4522006C7135;
			productRefGroup = 1C5C92371EAF4522006C7135 /* Products */;
			projectDirPath = "";
			projectRoot = "";
			targets = (
				1C5C92351EAF4522006C7135 /* chatDKRR */,
			);
		};
/* End PBXProject section */

/* Begin PBXResourcesBuildPhase section */
		1C5C92341EAF4522006C7135 /* Resources */ = {
			isa = PBXResourcesBuildPhase;
			buildActionMask = 2147483647;
			files = (
				1C5C92441EAF4522006C7135 /* LaunchScreen.storyboard in Resources */,
				1C5C92411EAF4522006C7135 /* Assets.xcassets in Resources */,
				1C5C923F1EAF4522006C7135 /* Main.storyboard in Resources */,
			);
			runOnlyForDeploymentPostprocessing = 0;
		};
/* End PBXResourcesBuildPhase section */

/* Begin PBXShellScriptBuildPhase section */
		0414E3F07F53530527873FA4 /* [CP] Check Pods Manifest.lock */ = {
			isa = PBXShellScriptBuildPhase;
			buildActionMask = 2147483647;
			files = (
			);
			inputPaths = (
			);
			name = "[CP] Check Pods Manifest.lock";
			outputPaths = (
			);
			runOnlyForDeploymentPostprocessing = 0;
			shellPath = /bin/sh;
			shellScript = "diff \"${PODS_PODFILE_DIR_PATH}/Podfile.lock\" \"${PODS_ROOT}/Manifest.lock\" > /dev/null\nif [ $? != 0 ] ; then\n    # print error to STDERR\n    echo \"error: The sandbox is not in sync with the Podfile.lock. Run 'pod install' or update your CocoaPods installation.\" >&2\n    exit 1\nfi\n";
			showEnvVarsInLog = 0;
		};
		DEF2A7C70EBE210C42D96C04 /* [CP] Copy Pods Resources */ = {
			isa = PBXShellScriptBuildPhase;
			buildActionMask = 2147483647;
			files = (
			);
			inputPaths = (
			);
			name = "[CP] Copy Pods Resources";
			outputPaths = (
			);
			runOnlyForDeploymentPostprocessing = 0;
			shellPath = /bin/sh;
			shellScript = "\"${SRCROOT}/Pods/Target Support Files/Pods-chatDKRR/Pods-chatDKRR-resources.sh\"\n";
			showEnvVarsInLog = 0;
		};
		F451C0E125BDF6B16AA1B4C7 /* [CP] Embed Pods Frameworks */ = {
			isa = PBXShellScriptBuildPhase;
			buildActionMask = 2147483647;
			files = (
			);
			inputPaths = (
			);
			name = "[CP] Embed Pods Frameworks";
			outputPaths = (
			);
			runOnlyForDeploymentPostprocessing = 0;
			shellPath = /bin/sh;
			shellScript = "\"${SRCROOT}/Pods/Target Support Files/Pods-chatDKRR/Pods-chatDKRR-frameworks.sh\"\n";
			showEnvVarsInLog = 0;
		};
/* End PBXShellScriptBuildPhase section */

/* Begin PBXSourcesBuildPhase section */
		1C5C92321EAF4522006C7135 /* Sources */ = {
			isa = PBXSourcesBuildPhase;
			buildActionMask = 2147483647;
			files = (
				1C5C923C1EAF4522006C7135 /* ViewController.swift in Sources */,
				1C84BA1E1EB0C8DD00DE22A3 /* MessageTableViewCell.swift in Sources */,
				1C5C923A1EAF4522006C7135 /* AppDelegate.swift in Sources */,
				1C84B9FA1EB0947100DE22A3 /* KeyboardLayoutConstraint.swift in Sources */,
			);
			runOnlyForDeploymentPostprocessing = 0;
		};
/* End PBXSourcesBuildPhase section */

/* Begin PBXVariantGroup section */
		1C5C923D1EAF4522006C7135 /* Main.storyboard */ = {
			isa = PBXVariantGroup;
			children = (
				1C5C923E1EAF4522006C7135 /* Base */,
			);
			name = Main.storyboard;
			sourceTree = "<group>";
		};
		1C5C92421EAF4522006C7135 /* LaunchScreen.storyboard */ = {
			isa = PBXVariantGroup;
			children = (
				1C5C92431EAF4522006C7135 /* Base */,
			);
			name = LaunchScreen.storyboard;
			sourceTree = "<group>";
		};
/* End PBXVariantGroup section */

/* Begin XCBuildConfiguration section */
		1C5C92461EAF4522006C7135 /* Debug */ = {
			isa = XCBuildConfiguration;
			buildSettings = {
				ALWAYS_SEARCH_USER_PATHS = NO;
				CLANG_ANALYZER_NONNULL = YES;
				CLANG_ANALYZER_NUMBER_OBJECT_CONVERSION = YES_AGGRESSIVE;
				CLANG_CXX_LANGUAGE_STANDARD = "gnu++0x";
				CLANG_CXX_LIBRARY = "libc++";
				CLANG_ENABLE_MODULES = YES;
				CLANG_ENABLE_OBJC_ARC = YES;
				CLANG_WARN_BOOL_CONVERSION = YES;
				CLANG_WARN_CONSTANT_CONVERSION = YES;
				CLANG_WARN_DIRECT_OBJC_ISA_USAGE = YES_ERROR;
				CLANG_WARN_DOCUMENTATION_COMMENTS = YES;
				CLANG_WARN_EMPTY_BODY = YES;
				CLANG_WARN_ENUM_CONVERSION = YES;
				CLANG_WARN_INFINITE_RECURSION = YES;
				CLANG_WARN_INT_CONVERSION = YES;
				CLANG_WARN_OBJC_ROOT_CLASS = YES_ERROR;
				CLANG_WARN_SUSPICIOUS_MOVE = YES;
				CLANG_WARN_UNREACHABLE_CODE = YES;
				CLANG_WARN__DUPLICATE_METHOD_MATCH = YES;
				"CODE_SIGN_IDENTITY[sdk=iphoneos*]" = "iPhone Developer";
				COPY_PHASE_STRIP = NO;
				DEBUG_INFORMATION_FORMAT = dwarf;
				ENABLE_STRICT_OBJC_MSGSEND = YES;
				ENABLE_TESTABILITY = YES;
				GCC_C_LANGUAGE_STANDARD = gnu99;
				GCC_DYNAMIC_NO_PIC = NO;
				GCC_NO_COMMON_BLOCKS = YES;
				GCC_OPTIMIZATION_LEVEL = 0;
				GCC_PREPROCESSOR_DEFINITIONS = (
					"DEBUG=1",
					"$(inherited)",
				);
				GCC_WARN_64_TO_32_BIT_CONVERSION = YES;
				GCC_WARN_ABOUT_RETURN_TYPE = YES_ERROR;
				GCC_WARN_UNDECLARED_SELECTOR = YES;
				GCC_WARN_UNINITIALIZED_AUTOS = YES_AGGRESSIVE;
				GCC_WARN_UNUSED_FUNCTION = YES;
				GCC_WARN_UNUSED_VARIABLE = YES;
				IPHONEOS_DEPLOYMENT_TARGET = 10.3;
				MTL_ENABLE_DEBUG_INFO = YES;
				ONLY_ACTIVE_ARCH = YES;
				SDKROOT = iphoneos;
				SWIFT_ACTIVE_COMPILATION_CONDITIONS = DEBUG;
				SWIFT_OPTIMIZATION_LEVEL = "-Onone";
				TARGETED_DEVICE_FAMILY = "1,2";
			};
			name = Debug;
		};
		1C5C92471EAF4522006C7135 /* Release */ = {
			isa = XCBuildConfiguration;
			buildSettings = {
				ALWAYS_SEARCH_USER_PATHS = NO;
				CLANG_ANALYZER_NONNULL = YES;
				CLANG_ANALYZER_NUMBER_OBJECT_CONVERSION = YES_AGGRESSIVE;
				CLANG_CXX_LANGUAGE_STANDARD = "gnu++0x";
				CLANG_CXX_LIBRARY = "libc++";
				CLANG_ENABLE_MODULES = YES;
				CLANG_ENABLE_OBJC_ARC = YES;
				CLANG_WARN_BOOL_CONVERSION = YES;
				CLANG_WARN_CONSTANT_CONVERSION = YES;
				CLANG_WARN_DIRECT_OBJC_ISA_USAGE = YES_ERROR;
				CLANG_WARN_DOCUMENTATION_COMMENTS = YES;
				CLANG_WARN_EMPTY_BODY = YES;
				CLANG_WARN_ENUM_CONVERSION = YES;
				CLANG_WARN_INFINITE_RECURSION = YES;
				CLANG_WARN_INT_CONVERSION = YES;
				CLANG_WARN_OBJC_ROOT_CLASS = YES_ERROR;
				CLANG_WARN_SUSPICIOUS_MOVE = YES;
				CLANG_WARN_UNREACHABLE_CODE = YES;
				CLANG_WARN__DUPLICATE_METHOD_MATCH = YES;
				"CODE_SIGN_IDENTITY[sdk=iphoneos*]" = "iPhone Developer";
				COPY_PHASE_STRIP = NO;
				DEBUG_INFORMATION_FORMAT = "dwarf-with-dsym";
				ENABLE_NS_ASSERTIONS = NO;
				ENABLE_STRICT_OBJC_MSGSEND = YES;
				GCC_C_LANGUAGE_STANDARD = gnu99;
				GCC_NO_COMMON_BLOCKS = YES;
				GCC_WARN_64_TO_32_BIT_CONVERSION = YES;
				GCC_WARN_ABOUT_RETURN_TYPE = YES_ERROR;
				GCC_WARN_UNDECLARED_SELECTOR = YES;
				GCC_WARN_UNINITIALIZED_AUTOS = YES_AGGRESSIVE;
				GCC_WARN_UNUSED_FUNCTION = YES;
				GCC_WARN_UNUSED_VARIABLE = YES;
				IPHONEOS_DEPLOYMENT_TARGET = 10.3;
				MTL_ENABLE_DEBUG_INFO = NO;
				SDKROOT = iphoneos;
				SWIFT_OPTIMIZATION_LEVEL = "-Owholemodule";
				TARGETED_DEVICE_FAMILY = "1,2";
				VALIDATE_PRODUCT = YES;
			};
			name = Release;
		};
		1C5C92491EAF4522006C7135 /* Debug */ = {
			isa = XCBuildConfiguration;
			baseConfigurationReference = 39FA619A421409D09735D436 /* Pods-chatDKRR.debug.xcconfig */;
			buildSettings = {
				ASSETCATALOG_COMPILER_APPICON_NAME = AppIcon;
				DEVELOPMENT_TEAM = RMA2F2SR2P;
				INFOPLIST_FILE = chatDKRR/Info.plist;
				LD_RUNPATH_SEARCH_PATHS = "$(inherited) @executable_path/Frameworks";
				PRODUCT_BUNDLE_IDENTIFIER = davidchin.chatDKRR;
				PRODUCT_NAME = "$(TARGET_NAME)";
				SWIFT_VERSION = 3.0;
				WEBSOCKET_HOST = "localhost:4000";
				WEBSOCKET_PROTOCOL = http;
			};
			name = Debug;
		};
		1C5C924A1EAF4522006C7135 /* Release */ = {
			isa = XCBuildConfiguration;
			baseConfigurationReference = CBACF848052AA1CA7B19B697 /* Pods-chatDKRR.release.xcconfig */;
			buildSettings = {
				ASSETCATALOG_COMPILER_APPICON_NAME = AppIcon;
				DEVELOPMENT_TEAM = RMA2F2SR2P;
				INFOPLIST_FILE = chatDKRR/Info.plist;
				LD_RUNPATH_SEARCH_PATHS = "$(inherited) @executable_path/Frameworks";
				PRODUCT_BUNDLE_IDENTIFIER = davidchin.chatDKRR;
				PRODUCT_NAME = "$(TARGET_NAME)";
				SWIFT_VERSION = 3.0;
				WEBSOCKET_HOST = chatdkrr.herokuapp.com;
				WEBSOCKET_PROTOCOL = https;
			};
			name = Release;
		};
/* End XCBuildConfiguration section */

/* Begin XCConfigurationList section */
		1C5C92311EAF4522006C7135 /* Build configuration list for PBXProject "chatDKRR" */ = {
			isa = XCConfigurationList;
			buildConfigurations = (
				1C5C92461EAF4522006C7135 /* Debug */,
				1C5C92471EAF4522006C7135 /* Release */,
			);
			defaultConfigurationIsVisible = 0;
			defaultConfigurationName = Release;
		};
		1C5C92481EAF4522006C7135 /* Build configuration list for PBXNativeTarget "chatDKRR" */ = {
			isa = XCConfigurationList;
			buildConfigurations = (
				1C5C92491EAF4522006C7135 /* Debug */,
				1C5C924A1EAF4522006C7135 /* Release */,
			);
			defaultConfigurationIsVisible = 0;
			defaultConfigurationName = Release;
		};
/* End XCConfigurationList section */
	};
	rootObject = 1C5C922E1EAF4522006C7135 /* Project object */;
}
